# THIS IS AN AUTOGENERATED FILE. DO NOT EDIT THIS FILE DIRECTLY.
# yarn lockfile v1


hono@^3.11.11:
  version "3.11.11"
  resolved "https://registry.yarnpkg.com/hono/-/hono-3.11.11.tgz#3675c8f6db33df5a37fc4a5ab4fb26fd1a6eddbc"
  integrity sha512-E3Xv7LnOjg7VXiu+t+YplDEYXvkxpcTCzZ3RUFQlcNXclSME8aiQAYwWpJPT6MQRRpa4TG5RlOolqeYEDEK3wg==
